
Microsoft Visual Studio Solution File, Format Version 12.00
# Visual Studio Version 17
VisualStudioVersion = 17.3.32811.315
MinimumVisualStudioVersion = 10.0.40219.1
Project("{FAE04EC0-301F-11D3-BF4B-00C04F79EFBC}") = "CardGame", "CardGame\CardGame.csproj", "{677D98DD-8398-40BB-8B4D-C743AE5353B5}"
EndProject
Global
	GlobalSection(SolutionConfigurationPlatforms) = preSolution
		Debug|Any CPU = Debug|Any CPU
		Release|Any CPU = Release|Any CPU
	EndGlobalSection
	GlobalSection(ProjectConfigurationPlatforms) = postSolution
		{677D98DD-8398-40BB-8B4D-C743AE5353B5}.Debug|Any CPU.ActiveCfg = Debug|Any CPU
		{677D98DD-8398-40BB-8B4D-C743AE5353B5}.Debug|Any CPU.Build.0 = Debug|Any CPU
		{677D98DD-8398-40BB-8B4D-C743AE5353B5}.Release|Any CPU.ActiveCfg = Release|Any CPU
		{677D98DD-8398-40BB-8B4D-C743AE5353B5}.Release|Any CPU.Build.0 = Release|Any CPU
	EndGlobalSection
	GlobalSection(SolutionProperties) = preSolution
		HideSolutionNode = FALSE
	EndGlobalSection
	GlobalSection(ExtensibilityGlobals) = postSolution
		SolutionGuid = {73C51915-79B0-401B-9DED-01DB4F159E79}
	EndGlobalSection
EndGlobal
